{
  "nodes": {
    "nixpkgs": {
      "locked": {
        "lastModified": 1780664963,
        "narHash": "sha256-quhmCnVkBYGLiBkRsSr8p4lgMf4dkfhDEnOOaTeL6w0=",
        "owner": "NixOS",
        "repo": "nixpkgs",
        "rev": "e8a1394ebfa6a0267ac1c26959e5672e755f6f85",
        "type": "github"
      },
      "original": {
        "owner": "NixOS",
        "repo": "nixpkgs",
        "type": "github"
      }
    },
    "root": {
      "inputs": {
        "nixpkgs": "nixpkgs"
      }
    }
  },
  "root": "root",
  "version": 7
}
