{
  "nodes": {
    "nixpkgs": {
      "locked": {
        "lastModified": 1769364097,
        "narHash": "sha256-5g1N/mlTvFfUfcjIBk6DAZUetdAl2v5zL13tPhbUqxc=",
        "owner": "NixOS",
        "repo": "nixpkgs",
        "rev": "421c5819ef9fcdfacb40c26c909d38d3fc9892fa",
        "type": "github"
      },
      "original": {
        "owner": "NixOS",
        "repo": "nixpkgs",
        "type": "github"
      }
    },
    "root": {
      "inputs": {
        "nixpkgs": "nixpkgs"
      }
    }
  },
  "root": "root",
  "version": 7
}
