{
  "nodes": {
    "nixpkgs": {
      "locked": {
        "lastModified": 1764651957,
        "narHash": "sha256-TyCv19M9NGSwnFvNcu1WeBR+jj3awe8kNVBeJRZwmn4=",
        "owner": "NixOS",
        "repo": "nixpkgs",
        "rev": "7b985d4f06ee62fd9748d4a42b5f77e0f02602fd",
        "type": "github"
      },
      "original": {
        "owner": "NixOS",
        "repo": "nixpkgs",
        "type": "github"
      }
    },
    "root": {
      "inputs": {
        "nixpkgs": "nixpkgs"
      }
    }
  },
  "root": "root",
  "version": 7
}
